
Microsoft Visual Studio Solution File, Format Version 12.00
# Visual Studio 14
VisualStudioVersion = 14.0.23107.0
MinimumVisualStudioVersion = 10.0.40219.1
Project("{FAE04EC0-301F-11D3-BF4B-00C04F79EFBC}") = "SqlResultComparer", "SqlResultComparer\SqlResultComparer.csproj", "{F5B66FE5-1281-4851-A5BE-298B1DEE541A}"
EndProject
Project("{FAE04EC0-301F-11D3-BF4B-00C04F79EFBC}") = "ResultsComparer", "ResultsComparer\ResultsComparer.csproj", "{03C4D508-607E-4847-9B2F-2A2CC2DB4C1E}"
EndProject
Global
	GlobalSection(SolutionConfigurationPlatforms) = preSolution
		Debug|Any CPU = Debug|Any CPU
		Release|Any CPU = Release|Any CPU
	EndGlobalSection
	GlobalSection(ProjectConfigurationPlatforms) = postSolution
		{F5B66FE5-1281-4851-A5BE-298B1DEE541A}.Debug|Any CPU.ActiveCfg = Debug|Any CPU
		{F5B66FE5-1281-4851-A5BE-298B1DEE541A}.Debug|Any CPU.Build.0 = Debug|Any CPU
		{F5B66FE5-1281-4851-A5BE-298B1DEE541A}.Release|Any CPU.ActiveCfg = Release|Any CPU
		{F5B66FE5-1281-4851-A5BE-298B1DEE541A}.Release|Any CPU.Build.0 = Release|Any CPU
		{03C4D508-607E-4847-9B2F-2A2CC2DB4C1E}.Debug|Any CPU.ActiveCfg = Debug|Any CPU
		{03C4D508-607E-4847-9B2F-2A2CC2DB4C1E}.Debug|Any CPU.Build.0 = Debug|Any CPU
		{03C4D508-607E-4847-9B2F-2A2CC2DB4C1E}.Release|Any CPU.ActiveCfg = Release|Any CPU
		{03C4D508-607E-4847-9B2F-2A2CC2DB4C1E}.Release|Any CPU.Build.0 = Release|Any CPU
	EndGlobalSection
	GlobalSection(SolutionProperties) = preSolution
		HideSolutionNode = FALSE
	EndGlobalSection
	GlobalSection(TeamFoundationVersionControl) = preSolution
		SccNumberOfProjects = 3
		SccEnterpriseProvider = {4CA58AB2-18FA-4F8D-95D4-32DDF27D184C}
		SccTeamFoundationServer = http://ksttfs:8080/tfs/ksttfs
		SccLocalPath0 = .
		SccProjectUniqueName1 = SqlResultComparer\\SqlResultComparer.csproj
		SccProjectName1 = SqlResultComparer
		SccLocalPath1 = SqlResultComparer
		SccProjectUniqueName2 = ResultsComparer\\ResultsComparer.csproj
		SccProjectName2 = ResultsComparer
		SccLocalPath2 = ResultsComparer
	EndGlobalSection
EndGlobal
